
Microsoft Visual Studio Solution File, Format Version 12.00
# Visual Studio 15
VisualStudioVersion = 15.0.27004.2010
MinimumVisualStudioVersion = 10.0.40219.1
Project("{A07B5EB6-E848-4116-A8D0-A826331D98C6}") = "Grob.ServiceFabric", "Grob.ServiceFabric\Grob.ServiceFabric.sfproj", "{7199ED08-EB1B-4966-8ABA-F46CB7699412}"
EndProject
Project("{2150E333-8FDC-42A3-9474-1A3956D46DE8}") = "ServiceFabric", "ServiceFabric", "{00AC3718-588C-4D50-B029-619803AB54A7}"
EndProject
Project("{2150E333-8FDC-42A3-9474-1A3956D46DE8}") = "Tests", "Tests", "{9A226694-327D-49D0-99F9-C1569FD2B38D}"
EndProject
Project("{FAE04EC0-301F-11D3-BF4B-00C04F79EFBC}") = "DockerAPIConsoleApp", "DockerAPIConsoleApp\DockerAPIConsoleApp.csproj", "{0B533501-A949-46CC-BE02-EE24FE3A86B6}"
EndProject
Project("{FAE04EC0-301F-11D3-BF4B-00C04F79EFBC}") = "Grob.Docker", "Grob.Docker\Grob.Docker.csproj", "{DCA5615C-4757-4040-8D1A-FDBFEB610161}"
EndProject
Project("{FAE04EC0-301F-11D3-BF4B-00C04F79EFBC}") = "Grob.Entities", "Grob.Entities\Grob.Entities.csproj", "{CFDBC2E9-ACA0-4FF8-BA22-2E943355CD4D}"
EndProject
Project("{9A19103F-16F7-4668-BE54-9A1E7A4F7556}") = "Grob.ServiceFabric.Agent", "Grob.ServiceFabric.Agent\Grob.ServiceFabric.Agent.csproj", "{0FAD6821-0F2C-4B11-98CF-5AC02C149FF3}"
EndProject
Project("{9A19103F-16F7-4668-BE54-9A1E7A4F7556}") = "Grob.ServiceFabric.Scheduler", "Grob.ServiceFabric.Scheduler\Grob.ServiceFabric.Scheduler.csproj", "{EA35F4E1-4F76-4481-A0F9-210B6E69D9F2}"
EndProject
Project("{FAE04EC0-301F-11D3-BF4B-00C04F79EFBC}") = "Grob.Agent.Models", "Grob.Agent.Models\Grob.Agent.Models.csproj", "{0743107D-CCF2-4DA3-B71B-44857189DC26}"
EndProject
Project("{FAE04EC0-301F-11D3-BF4B-00C04F79EFBC}") = "Grob.ServiceFabric.Master", "Grob.ServiceFabric.Master\Grob.ServiceFabric.Master.csproj", "{E4F22206-0992-4DA6-8301-EC4165EB65A6}"
EndProject
Project("{FAE04EC0-301F-11D3-BF4B-00C04F79EFBC}") = "Grob.Master.Models", "Grob.Master.Models\Grob.Master.Models.csproj", "{303350DF-0DF4-488D-9D9E-7F26C679E8BF}"
EndProject
Project("{9A19103F-16F7-4668-BE54-9A1E7A4F7556}") = "Grob.ServiceFabric.Web", "Grob.ServiceFabric.Web\Grob.ServiceFabric.Web.csproj", "{56D433C0-AAF6-4A75-A536-2D38D41AD3EF}"
EndProject
Project("{FAE04EC0-301F-11D3-BF4B-00C04F79EFBC}") = "Grob.Scheduler.Models", "Grob.Scheduler.Models\Grob.Scheduler.Models.csproj", "{5EA32DFC-7F77-41C7-A5A5-7C12BF5EEA92}"
EndProject
Project("{FAE04EC0-301F-11D3-BF4B-00C04F79EFBC}") = "Grob.Constants", "Grob.Constants\Grob.Constants.csproj", "{EB1A54AC-29DC-448F-8F8C-01928F0E0824}"
EndProject
Project("{2150E333-8FDC-42A3-9474-1A3956D46DE8}") = "ExampleApplications", "ExampleApplications", "{9C884BEE-BD95-4BD3-AAEF-2E5678BEBC54}"
EndProject
Project("{FAE04EC0-301F-11D3-BF4B-00C04F79EFBC}") = "HelloWorldApp", "HelloWorldApp\HelloWorldApp.csproj", "{7112BDAB-7E66-40CC-B9B5-BB6CA1DC666E}"
EndProject
Project("{FAE04EC0-301F-11D3-BF4B-00C04F79EFBC}") = "CpuUsage", "CpuUsage\CpuUsage.csproj", "{A5CEB120-26B5-469B-9666-69B8B60AA5D0}"
EndProject
Project("{9A19103F-16F7-4668-BE54-9A1E7A4F7556}") = "DemoWebApplication", "DemoWebApplication\DemoWebApplication.csproj", "{2E0EAB6E-A81F-4976-BF41-17705B3B5185}"
EndProject
Project("{9A19103F-16F7-4668-BE54-9A1E7A4F7556}") = "DemoWebApi", "DemoWebApi\DemoWebApi.csproj", "{781AA243-4AB0-454D-BA13-CE7200819CC9}"
EndProject
Project("{FAE04EC0-301F-11D3-BF4B-00C04F79EFBC}") = "WebApiTriggerCore", "WebApiTriggerCore\WebApiTriggerCore.csproj", "{2F2498C8-78C8-492B-8258-86981C0B5FE4}"
EndProject
Global
	GlobalSection(SolutionConfigurationPlatforms) = preSolution
		Debug|Any CPU = Debug|Any CPU
		Debug|x64 = Debug|x64
		Release|Any CPU = Release|Any CPU
		Release|x64 = Release|x64
	EndGlobalSection
	GlobalSection(ProjectConfigurationPlatforms) = postSolution
		{7199ED08-EB1B-4966-8ABA-F46CB7699412}.Debug|Any CPU.ActiveCfg = Debug|x64
		{7199ED08-EB1B-4966-8ABA-F46CB7699412}.Debug|x64.ActiveCfg = Debug|x64
		{7199ED08-EB1B-4966-8ABA-F46CB7699412}.Debug|x64.Build.0 = Debug|x64
		{7199ED08-EB1B-4966-8ABA-F46CB7699412}.Debug|x64.Deploy.0 = Debug|x64
		{7199ED08-EB1B-4966-8ABA-F46CB7699412}.Release|Any CPU.ActiveCfg = Release|x64
		{7199ED08-EB1B-4966-8ABA-F46CB7699412}.Release|x64.ActiveCfg = Release|x64
		{7199ED08-EB1B-4966-8ABA-F46CB7699412}.Release|x64.Build.0 = Release|x64
		{7199ED08-EB1B-4966-8ABA-F46CB7699412}.Release|x64.Deploy.0 = Release|x64
		{0B533501-A949-46CC-BE02-EE24FE3A86B6}.Debug|Any CPU.ActiveCfg = Debug|Any CPU
		{0B533501-A949-46CC-BE02-EE24FE3A86B6}.Debug|Any CPU.Build.0 = Debug|Any CPU
		{0B533501-A949-46CC-BE02-EE24FE3A86B6}.Debug|x64.ActiveCfg = Debug|Any CPU
		{0B533501-A949-46CC-BE02-EE24FE3A86B6}.Debug|x64.Build.0 = Debug|Any CPU
		{0B533501-A949-46CC-BE02-EE24FE3A86B6}.Release|Any CPU.ActiveCfg = Release|Any CPU
		{0B533501-A949-46CC-BE02-EE24FE3A86B6}.Release|Any CPU.Build.0 = Release|Any CPU
		{0B533501-A949-46CC-BE02-EE24FE3A86B6}.Release|x64.ActiveCfg = Release|Any CPU
		{0B533501-A949-46CC-BE02-EE24FE3A86B6}.Release|x64.Build.0 = Release|Any CPU
		{DCA5615C-4757-4040-8D1A-FDBFEB610161}.Debug|Any CPU.ActiveCfg = Debug|Any CPU
		{DCA5615C-4757-4040-8D1A-FDBFEB610161}.Debug|Any CPU.Build.0 = Debug|Any CPU
		{DCA5615C-4757-4040-8D1A-FDBFEB610161}.Debug|x64.ActiveCfg = Debug|Any CPU
		{DCA5615C-4757-4040-8D1A-FDBFEB610161}.Debug|x64.Build.0 = Debug|Any CPU
		{DCA5615C-4757-4040-8D1A-FDBFEB610161}.Release|Any CPU.ActiveCfg = Release|Any CPU
		{DCA5615C-4757-4040-8D1A-FDBFEB610161}.Release|Any CPU.Build.0 = Release|Any CPU
		{DCA5615C-4757-4040-8D1A-FDBFEB610161}.Release|x64.ActiveCfg = Release|Any CPU
		{DCA5615C-4757-4040-8D1A-FDBFEB610161}.Release|x64.Build.0 = Release|Any CPU
		{CFDBC2E9-ACA0-4FF8-BA22-2E943355CD4D}.Debug|Any CPU.ActiveCfg = Debug|Any CPU
		{CFDBC2E9-ACA0-4FF8-BA22-2E943355CD4D}.Debug|Any CPU.Build.0 = Debug|Any CPU
		{CFDBC2E9-ACA0-4FF8-BA22-2E943355CD4D}.Debug|x64.ActiveCfg = Debug|Any CPU
		{CFDBC2E9-ACA0-4FF8-BA22-2E943355CD4D}.Debug|x64.Build.0 = Debug|Any CPU
		{CFDBC2E9-ACA0-4FF8-BA22-2E943355CD4D}.Release|Any CPU.ActiveCfg = Release|Any CPU
		{CFDBC2E9-ACA0-4FF8-BA22-2E943355CD4D}.Release|Any CPU.Build.0 = Release|Any CPU
		{CFDBC2E9-ACA0-4FF8-BA22-2E943355CD4D}.Release|x64.ActiveCfg = Release|Any CPU
		{CFDBC2E9-ACA0-4FF8-BA22-2E943355CD4D}.Release|x64.Build.0 = Release|Any CPU
		{0FAD6821-0F2C-4B11-98CF-5AC02C149FF3}.Debug|Any CPU.ActiveCfg = Debug|Any CPU
		{0FAD6821-0F2C-4B11-98CF-5AC02C149FF3}.Debug|Any CPU.Build.0 = Debug|Any CPU
		{0FAD6821-0F2C-4B11-98CF-5AC02C149FF3}.Debug|x64.ActiveCfg = Debug|Any CPU
		{0FAD6821-0F2C-4B11-98CF-5AC02C149FF3}.Debug|x64.Build.0 = Debug|Any CPU
		{0FAD6821-0F2C-4B11-98CF-5AC02C149FF3}.Release|Any CPU.ActiveCfg = Release|Any CPU
		{0FAD6821-0F2C-4B11-98CF-5AC02C149FF3}.Release|Any CPU.Build.0 = Release|Any CPU
		{0FAD6821-0F2C-4B11-98CF-5AC02C149FF3}.Release|x64.ActiveCfg = Release|Any CPU
		{0FAD6821-0F2C-4B11-98CF-5AC02C149FF3}.Release|x64.Build.0 = Release|Any CPU
		{EA35F4E1-4F76-4481-A0F9-210B6E69D9F2}.Debug|Any CPU.ActiveCfg = Debug|Any CPU
		{EA35F4E1-4F76-4481-A0F9-210B6E69D9F2}.Debug|Any CPU.Build.0 = Debug|Any CPU
		{EA35F4E1-4F76-4481-A0F9-210B6E69D9F2}.Debug|x64.ActiveCfg = Debug|Any CPU
		{EA35F4E1-4F76-4481-A0F9-210B6E69D9F2}.Debug|x64.Build.0 = Debug|Any CPU
		{EA35F4E1-4F76-4481-A0F9-210B6E69D9F2}.Release|Any CPU.ActiveCfg = Release|Any CPU
		{EA35F4E1-4F76-4481-A0F9-210B6E69D9F2}.Release|Any CPU.Build.0 = Release|Any CPU
		{EA35F4E1-4F76-4481-A0F9-210B6E69D9F2}.Release|x64.ActiveCfg = Release|Any CPU
		{EA35F4E1-4F76-4481-A0F9-210B6E69D9F2}.Release|x64.Build.0 = Release|Any CPU
		{0743107D-CCF2-4DA3-B71B-44857189DC26}.Debug|Any CPU.ActiveCfg = Debug|Any CPU
		{0743107D-CCF2-4DA3-B71B-44857189DC26}.Debug|Any CPU.Build.0 = Debug|Any CPU
		{0743107D-CCF2-4DA3-B71B-44857189DC26}.Debug|x64.ActiveCfg = Debug|Any CPU
		{0743107D-CCF2-4DA3-B71B-44857189DC26}.Debug|x64.Build.0 = Debug|Any CPU
		{0743107D-CCF2-4DA3-B71B-44857189DC26}.Release|Any CPU.ActiveCfg = Release|Any CPU
		{0743107D-CCF2-4DA3-B71B-44857189DC26}.Release|Any CPU.Build.0 = Release|Any CPU
		{0743107D-CCF2-4DA3-B71B-44857189DC26}.Release|x64.ActiveCfg = Release|Any CPU
		{0743107D-CCF2-4DA3-B71B-44857189DC26}.Release|x64.Build.0 = Release|Any CPU
		{E4F22206-0992-4DA6-8301-EC4165EB65A6}.Debug|Any CPU.ActiveCfg = Debug|x64
		{E4F22206-0992-4DA6-8301-EC4165EB65A6}.Debug|x64.ActiveCfg = Debug|x64
		{E4F22206-0992-4DA6-8301-EC4165EB65A6}.Debug|x64.Build.0 = Debug|x64
		{E4F22206-0992-4DA6-8301-EC4165EB65A6}.Release|Any CPU.ActiveCfg = Release|x64
		{E4F22206-0992-4DA6-8301-EC4165EB65A6}.Release|x64.ActiveCfg = Release|x64
		{E4F22206-0992-4DA6-8301-EC4165EB65A6}.Release|x64.Build.0 = Release|x64
		{303350DF-0DF4-488D-9D9E-7F26C679E8BF}.Debug|Any CPU.ActiveCfg = Debug|Any CPU
		{303350DF-0DF4-488D-9D9E-7F26C679E8BF}.Debug|Any CPU.Build.0 = Debug|Any CPU
		{303350DF-0DF4-488D-9D9E-7F26C679E8BF}.Debug|x64.ActiveCfg = Debug|Any CPU
		{303350DF-0DF4-488D-9D9E-7F26C679E8BF}.Debug|x64.Build.0 = Debug|Any CPU
		{303350DF-0DF4-488D-9D9E-7F26C679E8BF}.Release|Any CPU.ActiveCfg = Release|Any CPU
		{303350DF-0DF4-488D-9D9E-7F26C679E8BF}.Release|Any CPU.Build.0 = Release|Any CPU
		{303350DF-0DF4-488D-9D9E-7F26C679E8BF}.Release|x64.ActiveCfg = Release|Any CPU
		{303350DF-0DF4-488D-9D9E-7F26C679E8BF}.Release|x64.Build.0 = Release|Any CPU
		{56D433C0-AAF6-4A75-A536-2D38D41AD3EF}.Debug|Any CPU.ActiveCfg = Debug|Any CPU
		{56D433C0-AAF6-4A75-A536-2D38D41AD3EF}.Debug|Any CPU.Build.0 = Debug|Any CPU
		{56D433C0-AAF6-4A75-A536-2D38D41AD3EF}.Debug|x64.ActiveCfg = Debug|Any CPU
		{56D433C0-AAF6-4A75-A536-2D38D41AD3EF}.Debug|x64.Build.0 = Debug|Any CPU
		{56D433C0-AAF6-4A75-A536-2D38D41AD3EF}.Release|Any CPU.ActiveCfg = Release|Any CPU
		{56D433C0-AAF6-4A75-A536-2D38D41AD3EF}.Release|Any CPU.Build.0 = Release|Any CPU
		{56D433C0-AAF6-4A75-A536-2D38D41AD3EF}.Release|x64.ActiveCfg = Release|Any CPU
		{56D433C0-AAF6-4A75-A536-2D38D41AD3EF}.Release|x64.Build.0 = Release|Any CPU
		{5EA32DFC-7F77-41C7-A5A5-7C12BF5EEA92}.Debug|Any CPU.ActiveCfg = Debug|Any CPU
		{5EA32DFC-7F77-41C7-A5A5-7C12BF5EEA92}.Debug|Any CPU.Build.0 = Debug|Any CPU
		{5EA32DFC-7F77-41C7-A5A5-7C12BF5EEA92}.Debug|x64.ActiveCfg = Debug|Any CPU
		{5EA32DFC-7F77-41C7-A5A5-7C12BF5EEA92}.Debug|x64.Build.0 = Debug|Any CPU
		{5EA32DFC-7F77-41C7-A5A5-7C12BF5EEA92}.Release|Any CPU.ActiveCfg = Release|Any CPU
		{5EA32DFC-7F77-41C7-A5A5-7C12BF5EEA92}.Release|Any CPU.Build.0 = Release|Any CPU
		{5EA32DFC-7F77-41C7-A5A5-7C12BF5EEA92}.Release|x64.ActiveCfg = Release|Any CPU
		{5EA32DFC-7F77-41C7-A5A5-7C12BF5EEA92}.Release|x64.Build.0 = Release|Any CPU
		{EB1A54AC-29DC-448F-8F8C-01928F0E0824}.Debug|Any CPU.ActiveCfg = Debug|Any CPU
		{EB1A54AC-29DC-448F-8F8C-01928F0E0824}.Debug|Any CPU.Build.0 = Debug|Any CPU
		{EB1A54AC-29DC-448F-8F8C-01928F0E0824}.Debug|x64.ActiveCfg = Debug|Any CPU
		{EB1A54AC-29DC-448F-8F8C-01928F0E0824}.Debug|x64.Build.0 = Debug|Any CPU
		{EB1A54AC-29DC-448F-8F8C-01928F0E0824}.Release|Any CPU.ActiveCfg = Release|Any CPU
		{EB1A54AC-29DC-448F-8F8C-01928F0E0824}.Release|Any CPU.Build.0 = Release|Any CPU
		{EB1A54AC-29DC-448F-8F8C-01928F0E0824}.Release|x64.ActiveCfg = Release|Any CPU
		{EB1A54AC-29DC-448F-8F8C-01928F0E0824}.Release|x64.Build.0 = Release|Any CPU
		{7112BDAB-7E66-40CC-B9B5-BB6CA1DC666E}.Debug|Any CPU.ActiveCfg = Debug|Any CPU
		{7112BDAB-7E66-40CC-B9B5-BB6CA1DC666E}.Debug|Any CPU.Build.0 = Debug|Any CPU
		{7112BDAB-7E66-40CC-B9B5-BB6CA1DC666E}.Debug|x64.ActiveCfg = Debug|Any CPU
		{7112BDAB-7E66-40CC-B9B5-BB6CA1DC666E}.Debug|x64.Build.0 = Debug|Any CPU
		{7112BDAB-7E66-40CC-B9B5-BB6CA1DC666E}.Release|Any CPU.ActiveCfg = Release|Any CPU
		{7112BDAB-7E66-40CC-B9B5-BB6CA1DC666E}.Release|Any CPU.Build.0 = Release|Any CPU
		{7112BDAB-7E66-40CC-B9B5-BB6CA1DC666E}.Release|x64.ActiveCfg = Release|Any CPU
		{7112BDAB-7E66-40CC-B9B5-BB6CA1DC666E}.Release|x64.Build.0 = Release|Any CPU
		{A5CEB120-26B5-469B-9666-69B8B60AA5D0}.Debug|Any CPU.ActiveCfg = Debug|Any CPU
		{A5CEB120-26B5-469B-9666-69B8B60AA5D0}.Debug|Any CPU.Build.0 = Debug|Any CPU
		{A5CEB120-26B5-469B-9666-69B8B60AA5D0}.Debug|x64.ActiveCfg = Debug|Any CPU
		{A5CEB120-26B5-469B-9666-69B8B60AA5D0}.Debug|x64.Build.0 = Debug|Any CPU
		{A5CEB120-26B5-469B-9666-69B8B60AA5D0}.Release|Any CPU.ActiveCfg = Release|Any CPU
		{A5CEB120-26B5-469B-9666-69B8B60AA5D0}.Release|Any CPU.Build.0 = Release|Any CPU
		{A5CEB120-26B5-469B-9666-69B8B60AA5D0}.Release|x64.ActiveCfg = Release|Any CPU
		{A5CEB120-26B5-469B-9666-69B8B60AA5D0}.Release|x64.Build.0 = Release|Any CPU
		{2E0EAB6E-A81F-4976-BF41-17705B3B5185}.Debug|Any CPU.ActiveCfg = Debug|Any CPU
		{2E0EAB6E-A81F-4976-BF41-17705B3B5185}.Debug|Any CPU.Build.0 = Debug|Any CPU
		{2E0EAB6E-A81F-4976-BF41-17705B3B5185}.Debug|x64.ActiveCfg = Debug|Any CPU
		{2E0EAB6E-A81F-4976-BF41-17705B3B5185}.Debug|x64.Build.0 = Debug|Any CPU
		{2E0EAB6E-A81F-4976-BF41-17705B3B5185}.Release|Any CPU.ActiveCfg = Release|Any CPU
		{2E0EAB6E-A81F-4976-BF41-17705B3B5185}.Release|Any CPU.Build.0 = Release|Any CPU
		{2E0EAB6E-A81F-4976-BF41-17705B3B5185}.Release|x64.ActiveCfg = Release|Any CPU
		{2E0EAB6E-A81F-4976-BF41-17705B3B5185}.Release|x64.Build.0 = Release|Any CPU
		{781AA243-4AB0-454D-BA13-CE7200819CC9}.Debug|Any CPU.ActiveCfg = Debug|Any CPU
		{781AA243-4AB0-454D-BA13-CE7200819CC9}.Debug|Any CPU.Build.0 = Debug|Any CPU
		{781AA243-4AB0-454D-BA13-CE7200819CC9}.Debug|x64.ActiveCfg = Debug|Any CPU
		{781AA243-4AB0-454D-BA13-CE7200819CC9}.Debug|x64.Build.0 = Debug|Any CPU
		{781AA243-4AB0-454D-BA13-CE7200819CC9}.Release|Any CPU.ActiveCfg = Release|Any CPU
		{781AA243-4AB0-454D-BA13-CE7200819CC9}.Release|Any CPU.Build.0 = Release|Any CPU
		{781AA243-4AB0-454D-BA13-CE7200819CC9}.Release|x64.ActiveCfg = Release|Any CPU
		{781AA243-4AB0-454D-BA13-CE7200819CC9}.Release|x64.Build.0 = Release|Any CPU
		{2F2498C8-78C8-492B-8258-86981C0B5FE4}.Debug|Any CPU.ActiveCfg = Debug|Any CPU
		{2F2498C8-78C8-492B-8258-86981C0B5FE4}.Debug|Any CPU.Build.0 = Debug|Any CPU
		{2F2498C8-78C8-492B-8258-86981C0B5FE4}.Debug|x64.ActiveCfg = Debug|Any CPU
		{2F2498C8-78C8-492B-8258-86981C0B5FE4}.Debug|x64.Build.0 = Debug|Any CPU
		{2F2498C8-78C8-492B-8258-86981C0B5FE4}.Release|Any CPU.ActiveCfg = Release|Any CPU
		{2F2498C8-78C8-492B-8258-86981C0B5FE4}.Release|Any CPU.Build.0 = Release|Any CPU
		{2F2498C8-78C8-492B-8258-86981C0B5FE4}.Release|x64.ActiveCfg = Release|Any CPU
		{2F2498C8-78C8-492B-8258-86981C0B5FE4}.Release|x64.Build.0 = Release|Any CPU
	EndGlobalSection
	GlobalSection(SolutionProperties) = preSolution
		HideSolutionNode = FALSE
	EndGlobalSection
	GlobalSection(NestedProjects) = preSolution
		{7199ED08-EB1B-4966-8ABA-F46CB7699412} = {00AC3718-588C-4D50-B029-619803AB54A7}
		{0B533501-A949-46CC-BE02-EE24FE3A86B6} = {9A226694-327D-49D0-99F9-C1569FD2B38D}
		{0FAD6821-0F2C-4B11-98CF-5AC02C149FF3} = {00AC3718-588C-4D50-B029-619803AB54A7}
		{EA35F4E1-4F76-4481-A0F9-210B6E69D9F2} = {00AC3718-588C-4D50-B029-619803AB54A7}
		{E4F22206-0992-4DA6-8301-EC4165EB65A6} = {00AC3718-588C-4D50-B029-619803AB54A7}
		{56D433C0-AAF6-4A75-A536-2D38D41AD3EF} = {00AC3718-588C-4D50-B029-619803AB54A7}
		{7112BDAB-7E66-40CC-B9B5-BB6CA1DC666E} = {9C884BEE-BD95-4BD3-AAEF-2E5678BEBC54}
		{A5CEB120-26B5-469B-9666-69B8B60AA5D0} = {9A226694-327D-49D0-99F9-C1569FD2B38D}
		{2E0EAB6E-A81F-4976-BF41-17705B3B5185} = {9C884BEE-BD95-4BD3-AAEF-2E5678BEBC54}
		{781AA243-4AB0-454D-BA13-CE7200819CC9} = {9C884BEE-BD95-4BD3-AAEF-2E5678BEBC54}
		{2F2498C8-78C8-492B-8258-86981C0B5FE4} = {9C884BEE-BD95-4BD3-AAEF-2E5678BEBC54}
	EndGlobalSection
	GlobalSection(ExtensibilityGlobals) = postSolution
		SolutionGuid = {E5A02D9B-E31E-4072-BC4C-D92E1CFE79B1}
	EndGlobalSection
EndGlobal
