
Microsoft Visual Studio Solution File, Format Version 12.00
# Visual Studio 15
VisualStudioVersion = 15.0.27004.2010
MinimumVisualStudioVersion = 10.0.40219.1
Project("{A07B5EB6-E848-4116-A8D0-A826331D98C6}") = "Grob.ServiceFabric", "Grob.ServiceFabric\Grob.ServiceFabric.sfproj", "{7199ED08-EB1B-4966-8ABA-F46CB7699412}"
EndProject
Project("{2150E333-8FDC-42A3-9474-1A3956D46DE8}") = "ServiceFabric", "ServiceFabric", "{00AC3718-588C-4D50-B029-619803AB54A7}"
EndProject
Project("{2150E333-8FDC-42A3-9474-1A3956D46DE8}") = "Tests", "Tests", "{9A226694-327D-49D0-99F9-C1569FD2B38D}"
EndProject
Project("{FAE04EC0-301F-11D3-BF4B-00C04F79EFBC}") = "DockerAPIConsoleApp", "DockerAPIConsoleApp\DockerAPIConsoleApp.csproj", "{0B533501-A949-46CC-BE02-EE24FE3A86B6}"
EndProject
Project("{FAE04EC0-301F-11D3-BF4B-00C04F79EFBC}") = "Grob.Docker", "Grob.Docker\Grob.Docker.csproj", "{DCA5615C-4757-4040-8D1A-FDBFEB610161}"
EndProject
Project("{9A19103F-16F7-4668-BE54-9A1E7A4F7556}") = "Grob.Web", "Grob.Web\Grob.Web.csproj", "{3B7ED1A3-4D39-4928-B168-54302617895A}"
EndProject
Project("{FAE04EC0-301F-11D3-BF4B-00C04F79EFBC}") = "Grob.Entities", "Grob.Entities\Grob.Entities.csproj", "{CFDBC2E9-ACA0-4FF8-BA22-2E943355CD4D}"
EndProject
Project("{FAE04EC0-301F-11D3-BF4B-00C04F79EFBC}") = "Grob.ServiceFabric.Entities", "Grob.ServiceFabric.Entities\Grob.ServiceFabric.Entities.csproj", "{4BAA5EB9-9E45-4694-A020-4A5690D88B66}"
EndProject
Project("{9A19103F-16F7-4668-BE54-9A1E7A4F7556}") = "Grob.ServiceFabric.Agent", "Grob.ServiceFabric.Agent\Grob.ServiceFabric.Agent.csproj", "{0FAD6821-0F2C-4B11-98CF-5AC02C149FF3}"
EndProject
Project("{9A19103F-16F7-4668-BE54-9A1E7A4F7556}") = "TestNetCoreApp", "TestNetCoreApp\TestNetCoreApp.csproj", "{F09F70E9-D52C-4641-A617-888F3FFC1122}"
EndProject
Global
	GlobalSection(SolutionConfigurationPlatforms) = preSolution
		Debug|Any CPU = Debug|Any CPU
		Debug|x64 = Debug|x64
		Release|Any CPU = Release|Any CPU
		Release|x64 = Release|x64
	EndGlobalSection
	GlobalSection(ProjectConfigurationPlatforms) = postSolution
		{7199ED08-EB1B-4966-8ABA-F46CB7699412}.Debug|Any CPU.ActiveCfg = Debug|x64
		{7199ED08-EB1B-4966-8ABA-F46CB7699412}.Debug|x64.ActiveCfg = Debug|x64
		{7199ED08-EB1B-4966-8ABA-F46CB7699412}.Debug|x64.Build.0 = Debug|x64
		{7199ED08-EB1B-4966-8ABA-F46CB7699412}.Debug|x64.Deploy.0 = Debug|x64
		{7199ED08-EB1B-4966-8ABA-F46CB7699412}.Release|Any CPU.ActiveCfg = Release|x64
		{7199ED08-EB1B-4966-8ABA-F46CB7699412}.Release|x64.ActiveCfg = Release|x64
		{7199ED08-EB1B-4966-8ABA-F46CB7699412}.Release|x64.Build.0 = Release|x64
		{7199ED08-EB1B-4966-8ABA-F46CB7699412}.Release|x64.Deploy.0 = Release|x64
		{0B533501-A949-46CC-BE02-EE24FE3A86B6}.Debug|Any CPU.ActiveCfg = Debug|Any CPU
		{0B533501-A949-46CC-BE02-EE24FE3A86B6}.Debug|Any CPU.Build.0 = Debug|Any CPU
		{0B533501-A949-46CC-BE02-EE24FE3A86B6}.Debug|x64.ActiveCfg = Debug|Any CPU
		{0B533501-A949-46CC-BE02-EE24FE3A86B6}.Debug|x64.Build.0 = Debug|Any CPU
		{0B533501-A949-46CC-BE02-EE24FE3A86B6}.Release|Any CPU.ActiveCfg = Release|Any CPU
		{0B533501-A949-46CC-BE02-EE24FE3A86B6}.Release|Any CPU.Build.0 = Release|Any CPU
		{0B533501-A949-46CC-BE02-EE24FE3A86B6}.Release|x64.ActiveCfg = Release|Any CPU
		{0B533501-A949-46CC-BE02-EE24FE3A86B6}.Release|x64.Build.0 = Release|Any CPU
		{DCA5615C-4757-4040-8D1A-FDBFEB610161}.Debug|Any CPU.ActiveCfg = Debug|Any CPU
		{DCA5615C-4757-4040-8D1A-FDBFEB610161}.Debug|Any CPU.Build.0 = Debug|Any CPU
		{DCA5615C-4757-4040-8D1A-FDBFEB610161}.Debug|x64.ActiveCfg = Debug|Any CPU
		{DCA5615C-4757-4040-8D1A-FDBFEB610161}.Debug|x64.Build.0 = Debug|Any CPU
		{DCA5615C-4757-4040-8D1A-FDBFEB610161}.Release|Any CPU.ActiveCfg = Release|Any CPU
		{DCA5615C-4757-4040-8D1A-FDBFEB610161}.Release|Any CPU.Build.0 = Release|Any CPU
		{DCA5615C-4757-4040-8D1A-FDBFEB610161}.Release|x64.ActiveCfg = Release|Any CPU
		{DCA5615C-4757-4040-8D1A-FDBFEB610161}.Release|x64.Build.0 = Release|Any CPU
		{3B7ED1A3-4D39-4928-B168-54302617895A}.Debug|Any CPU.ActiveCfg = Debug|Any CPU
		{3B7ED1A3-4D39-4928-B168-54302617895A}.Debug|Any CPU.Build.0 = Debug|Any CPU
		{3B7ED1A3-4D39-4928-B168-54302617895A}.Debug|x64.ActiveCfg = Debug|Any CPU
		{3B7ED1A3-4D39-4928-B168-54302617895A}.Debug|x64.Build.0 = Debug|Any CPU
		{3B7ED1A3-4D39-4928-B168-54302617895A}.Release|Any CPU.ActiveCfg = Release|Any CPU
		{3B7ED1A3-4D39-4928-B168-54302617895A}.Release|Any CPU.Build.0 = Release|Any CPU
		{3B7ED1A3-4D39-4928-B168-54302617895A}.Release|x64.ActiveCfg = Release|Any CPU
		{3B7ED1A3-4D39-4928-B168-54302617895A}.Release|x64.Build.0 = Release|Any CPU
		{CFDBC2E9-ACA0-4FF8-BA22-2E943355CD4D}.Debug|Any CPU.ActiveCfg = Debug|Any CPU
		{CFDBC2E9-ACA0-4FF8-BA22-2E943355CD4D}.Debug|Any CPU.Build.0 = Debug|Any CPU
		{CFDBC2E9-ACA0-4FF8-BA22-2E943355CD4D}.Debug|x64.ActiveCfg = Debug|Any CPU
		{CFDBC2E9-ACA0-4FF8-BA22-2E943355CD4D}.Debug|x64.Build.0 = Debug|Any CPU
		{CFDBC2E9-ACA0-4FF8-BA22-2E943355CD4D}.Release|Any CPU.ActiveCfg = Release|Any CPU
		{CFDBC2E9-ACA0-4FF8-BA22-2E943355CD4D}.Release|Any CPU.Build.0 = Release|Any CPU
		{CFDBC2E9-ACA0-4FF8-BA22-2E943355CD4D}.Release|x64.ActiveCfg = Release|Any CPU
		{CFDBC2E9-ACA0-4FF8-BA22-2E943355CD4D}.Release|x64.Build.0 = Release|Any CPU
		{4BAA5EB9-9E45-4694-A020-4A5690D88B66}.Debug|Any CPU.ActiveCfg = Debug|Any CPU
		{4BAA5EB9-9E45-4694-A020-4A5690D88B66}.Debug|Any CPU.Build.0 = Debug|Any CPU
		{4BAA5EB9-9E45-4694-A020-4A5690D88B66}.Debug|x64.ActiveCfg = Debug|Any CPU
		{4BAA5EB9-9E45-4694-A020-4A5690D88B66}.Debug|x64.Build.0 = Debug|Any CPU
		{4BAA5EB9-9E45-4694-A020-4A5690D88B66}.Release|Any CPU.ActiveCfg = Release|Any CPU
		{4BAA5EB9-9E45-4694-A020-4A5690D88B66}.Release|Any CPU.Build.0 = Release|Any CPU
		{4BAA5EB9-9E45-4694-A020-4A5690D88B66}.Release|x64.ActiveCfg = Release|Any CPU
		{4BAA5EB9-9E45-4694-A020-4A5690D88B66}.Release|x64.Build.0 = Release|Any CPU
		{0FAD6821-0F2C-4B11-98CF-5AC02C149FF3}.Debug|Any CPU.ActiveCfg = Debug|Any CPU
		{0FAD6821-0F2C-4B11-98CF-5AC02C149FF3}.Debug|Any CPU.Build.0 = Debug|Any CPU
		{0FAD6821-0F2C-4B11-98CF-5AC02C149FF3}.Debug|x64.ActiveCfg = Debug|Any CPU
		{0FAD6821-0F2C-4B11-98CF-5AC02C149FF3}.Debug|x64.Build.0 = Debug|Any CPU
		{0FAD6821-0F2C-4B11-98CF-5AC02C149FF3}.Release|Any CPU.ActiveCfg = Release|Any CPU
		{0FAD6821-0F2C-4B11-98CF-5AC02C149FF3}.Release|Any CPU.Build.0 = Release|Any CPU
		{0FAD6821-0F2C-4B11-98CF-5AC02C149FF3}.Release|x64.ActiveCfg = Release|Any CPU
		{0FAD6821-0F2C-4B11-98CF-5AC02C149FF3}.Release|x64.Build.0 = Release|Any CPU
		{F09F70E9-D52C-4641-A617-888F3FFC1122}.Debug|Any CPU.ActiveCfg = Debug|Any CPU
		{F09F70E9-D52C-4641-A617-888F3FFC1122}.Debug|Any CPU.Build.0 = Debug|Any CPU
		{F09F70E9-D52C-4641-A617-888F3FFC1122}.Debug|x64.ActiveCfg = Debug|Any CPU
		{F09F70E9-D52C-4641-A617-888F3FFC1122}.Debug|x64.Build.0 = Debug|Any CPU
		{F09F70E9-D52C-4641-A617-888F3FFC1122}.Release|Any CPU.ActiveCfg = Release|Any CPU
		{F09F70E9-D52C-4641-A617-888F3FFC1122}.Release|Any CPU.Build.0 = Release|Any CPU
		{F09F70E9-D52C-4641-A617-888F3FFC1122}.Release|x64.ActiveCfg = Release|Any CPU
		{F09F70E9-D52C-4641-A617-888F3FFC1122}.Release|x64.Build.0 = Release|Any CPU
	EndGlobalSection
	GlobalSection(SolutionProperties) = preSolution
		HideSolutionNode = FALSE
	EndGlobalSection
	GlobalSection(NestedProjects) = preSolution
		{7199ED08-EB1B-4966-8ABA-F46CB7699412} = {00AC3718-588C-4D50-B029-619803AB54A7}
		{0B533501-A949-46CC-BE02-EE24FE3A86B6} = {9A226694-327D-49D0-99F9-C1569FD2B38D}
		{3B7ED1A3-4D39-4928-B168-54302617895A} = {00AC3718-588C-4D50-B029-619803AB54A7}
		{4BAA5EB9-9E45-4694-A020-4A5690D88B66} = {00AC3718-588C-4D50-B029-619803AB54A7}
		{0FAD6821-0F2C-4B11-98CF-5AC02C149FF3} = {00AC3718-588C-4D50-B029-619803AB54A7}
		{F09F70E9-D52C-4641-A617-888F3FFC1122} = {9A226694-327D-49D0-99F9-C1569FD2B38D}
	EndGlobalSection
	GlobalSection(ExtensibilityGlobals) = postSolution
		SolutionGuid = {E5A02D9B-E31E-4072-BC4C-D92E1CFE79B1}
	EndGlobalSection
EndGlobal
